// !$*UTF8*$!
{
	archiveVersion = 1;
	classes = {
	};
	objectVersion = 77;
	objects = {

/* Begin PBXContainerItemProxy section */
		C43C4E142F2AF4DA00AAD968 /* PBXContainerItemProxy */ = {
			isa = PBXContainerItemProxy;
			containerPortal = C43C4DFE2F2AF4D900AAD968 /* Project object */;
			proxyType = 1;
			remoteGlobalIDString = C43C4E052F2AF4D900AAD968;
			remoteInfo = "Karaoke Time";
		};
		C43C4E1E2F2AF4DA00AAD968 /* PBXContainerItemProxy */ = {
			isa = PBXContainerItemProxy;
			containerPortal = C43C4DFE2F2AF4D900AAD968 /* Project object */;
			proxyType = 1;
			remoteGlobalIDString = C43C4E052F2AF4D900AAD968;
			remoteInfo = "Karaoke Time";
		};
/* End PBXContainerItemProxy section */

/* Begin PBXFileReference section */
		C43C4E062F2AF4D900AAD968 /* Karaoke Time.app */ = {isa = PBXFileReference; explicitFileType = wrapper.application; includeInIndex = 0; path = "Karaoke Time.app"; sourceTree = BUILT_PRODUCTS_DIR; };
		C43C4E132F2AF4DA00AAD968 /* Karaoke TimeTests.xctest */ = {isa = PBXFileReference; explicitFileType = wrapper.cfbundle; includeInIndex = 0; path = "Karaoke TimeTests.xctest"; sourceTree = BUILT_PRODUCTS_DIR; };
		C43C4E1D2F2AF4DA00AAD968 /* Karaoke TimeUITests.xctest */ = {isa = PBXFileReference; explicitFileType = wrapper.cfbundle; includeInIndex = 0; path = "Karaoke TimeUITests.xctest"; sourceTree = BUILT_PRODUCTS_DIR; };
/* End PBXFileReference section */

/* Begin PBXFileSystemSynchronizedRootGroup section */
		C43C4E082F2AF4D900AAD968 /* Karaoke Time */ = {
			isa = PBXFileSystemSynchronizedRootGroup;
			path = "Karaoke Time";
			sourceTree = "<group>";
		};
		C43C4E162F2AF4DA00AAD968 /* Karaoke TimeTests */ = {
			isa = PBXFileSystemSynchronizedRootGroup;
			path = "Karaoke TimeTests";
			sourceTree = "<group>";
		};
		C43C4E202F2AF4DA00AAD968 /* Karaoke TimeUITests */ = {
			isa = PBXFileSystemSynchronizedRootGroup;
			path = "Karaoke TimeUITests";
			sourceTree = "<group>";
		};
/* End PBXFileSystemSynchronizedRootGroup section */

/* Begin PBXFrameworksBuildPhase section */
		C43C4E032F2AF4D900AAD968 /* Frameworks */ = {
			isa = PBXFrameworksBuildPhase;
			buildActionMask = 2147483647;
			files = (
			);
			runOnlyForDeploymentPostprocessing = 0;
		};
		C43C4E102F2AF4DA00AAD968 /* Frameworks */ = {
			isa = PBXFrameworksBuildPhase;
			buildActionMask = 2147483647;
			files = (
			);
			runOnlyForDeploymentPostprocessing = 0;
		};
		C43C4E1A2F2AF4DA00AAD968 /* Frameworks */ = {
			isa = PBXFrameworksBuildPhase;
			buildActionMask = 2147483647;
			files = (
			);
			runOnlyForDeploymentPostprocessing = 0;
		};
/* End PBXFrameworksBuildPhase section */

/* Begin PBXGroup section */
		C43C4DFD2F2AF4D900AAD968 = {
			isa = PBXGroup;
			children = (
				C43C4E082F2AF4D900AAD968 /* Karaoke Time */,
				C43C4E162F2AF4DA00AAD968 /* Karaoke TimeTests */,
				C43C4E202F2AF4DA00AAD968 /* Karaoke TimeUITests */,
				C43C4E072F2AF4D900AAD968 /* Products */,
			);
			sourceTree = "<group>";
		};
		C43C4E072F2AF4D900AAD968 /* Products */ = {
			isa = PBXGroup;
			children = (
				C43C4E062F2AF4D900AAD968 /* Karaoke Time.app */,
				C43C4E132F2AF4DA00AAD968 /* Karaoke TimeTests.xctest */,
				C43C4E1D2F2AF4DA00AAD968 /* Karaoke TimeUITests.xctest */,
			);
			name = Products;
			sourceTree = "<group>";
		};
/* End PBXGroup section */

/* Begin PBXNativeTarget section */
		C43C4E052F2AF4D900AAD968 /* Karaoke Time */ = {
			isa = PBXNativeTarget;
			buildConfigurationList = C43C4E272F2AF4DA00AAD968 /* Build configuration list for PBXNativeTarget "Karaoke Time" */;
			buildPhases = (
				C43C4E022F2AF4D900AAD968 /* Sources */,
				C43C4E032F2AF4D900AAD968 /* Frameworks */,
				C43C4E042F2AF4D900AAD968 /* Resources */,
			);
			buildRules = (
			);
			dependencies = (
			);
			fileSystemSynchronizedGroups = (
				C43C4E082F2AF4D900AAD968 /* Karaoke Time */,
			);
			name = "Karaoke Time";
			packageProductDependencies = (
			);
			productName = "Karaoke Time";
			productReference = C43C4E062F2AF4D900AAD968 /* Karaoke Time.app */;
			productType = "com.apple.product-type.application";
		};
		C43C4E122F2AF4DA00AAD968 /* Karaoke TimeTests */ = {
			isa = PBXNativeTarget;
			buildConfigurationList = C43C4E2A2F2AF4DA00AAD968 /* Build configuration list for PBXNativeTarget "Karaoke TimeTests" */;
			buildPhases = (
				C43C4E0F2F2AF4DA00AAD968 /* Sources */,
				C43C4E102F2AF4DA00AAD968 /* Frameworks */,
				C43C4E112F2AF4DA00AAD968 /* Resources */,
			);
			buildRules = (
			);
			dependencies = (
				C43C4E152F2AF4DA00AAD968 /* PBXTargetDependency */,
			);
			fileSystemSynchronizedGroups = (
				C43C4E162F2AF4DA00AAD968 /* Karaoke TimeTests */,
			);
			name = "Karaoke TimeTests";
			packageProductDependencies = (
			);
			productName = "Karaoke TimeTests";
			productReference = C43C4E132F2AF4DA00AAD968 /* Karaoke TimeTests.xctest */;
			productType = "com.apple.product-type.bundle.unit-test";
		};
		C43C4E1C2F2AF4DA00AAD968 /* Karaoke TimeUITests */ = {
			isa = PBXNativeTarget;
			buildConfigurationList = C43C4E2D2F2AF4DA00AAD968 /* Build configuration list for PBXNativeTarget "Karaoke TimeUITests" */;
			buildPhases = (
				C43C4E192F2AF4DA00AAD968 /* Sources */,
				C43C4E1A2F2AF4DA00AAD968 /* Frameworks */,
				C43C4E1B2F2AF4DA00AAD968 /* Resources */,
			);
			buildRules = (
			);
			dependencies = (
				C43C4E1F2F2AF4DA00AAD968 /* PBXTargetDependency */,
			);
			fileSystemSynchronizedGroups = (
				C43C4E202F2AF4DA00AAD968 /* Karaoke TimeUITests */,
			);
			name = "Karaoke TimeUITests";
			packageProductDependencies = (
			);
			productName = "Karaoke TimeUITests";
			productReference = C43C4E1D2F2AF4DA00AAD968 /* Karaoke TimeUITests.xctest */;
			productType = "com.apple.product-type.bundle.ui-testing";
		};
/* End PBXNativeTarget section */

/* Begin PBXProject section */
		C43C4DFE2F2AF4D900AAD968 /* Project object */ = {
			isa = PBXProject;
			attributes = {
				BuildIndependentTargetsInParallel = 1;
				LastSwiftUpdateCheck = 2620;
				LastUpgradeCheck = 2620;
				TargetAttributes = {
					C43C4E052F2AF4D900AAD968 = {
						CreatedOnToolsVersion = 26.2;
					};
					C43C4E122F2AF4DA00AAD968 = {
						CreatedOnToolsVersion = 26.2;
						TestTargetID = C43C4E052F2AF4D900AAD968;
					};
					C43C4E1C2F2AF4DA00AAD968 = {
						CreatedOnToolsVersion = 26.2;
						TestTargetID = C43C4E052F2AF4D900AAD968;
					};
				};
			};
			buildConfigurationList = C43C4E012F2AF4D900AAD968 /* Build configuration list for PBXProject "Karaoke Time" */;
			developmentRegion = en;
			hasScannedForEncodings = 0;
			knownRegions = (
				en,
				Base,
			);
			mainGroup = C43C4DFD2F2AF4D900AAD968;
			minimizedProjectReferenceProxies = 1;
			preferredProjectObjectVersion = 77;
			productRefGroup = C43C4E072F2AF4D900AAD968 /* Products */;
			projectDirPath = "";
			projectRoot = "";
			targets = (
				C43C4E052F2AF4D900AAD968 /* Karaoke Time */,
				C43C4E122F2AF4DA00AAD968 /* Karaoke TimeTests */,
				C43C4E1C2F2AF4DA00AAD968 /* Karaoke TimeUITests */,
			);
		};
/* End PBXProject section */

/* Begin PBXResourcesBuildPhase section */
		C43C4E042F2AF4D900AAD968 /* Resources */ = {
			isa = PBXResourcesBuildPhase;
			buildActionMask = 2147483647;
			files = (
			);
			runOnlyForDeploymentPostprocessing = 0;
		};
		C43C4E112F2AF4DA00AAD968 /* Resources */ = {
			isa = PBXResourcesBuildPhase;
			buildActionMask = 2147483647;
			files = (
			);
			runOnlyForDeploymentPostprocessing = 0;
		};
		C43C4E1B2F2AF4DA00AAD968 /* Resources */ = {
			isa = PBXResourcesBuildPhase;
			buildActionMask = 2147483647;
			files = (
			);
			runOnlyForDeploymentPostprocessing = 0;
		};
/* End PBXResourcesBuildPhase section */

/* Begin PBXSourcesBuildPhase section */
		C43C4E022F2AF4D900AAD968 /* Sources */ = {
			isa = PBXSourcesBuildPhase;
			buildActionMask = 2147483647;
			files = (
			);
			runOnlyForDeploymentPostprocessing = 0;
		};
		C43C4E0F2F2AF4DA00AAD968 /* Sources */ = {
			isa = PBXSourcesBuildPhase;
			buildActionMask = 2147483647;
			files = (
			);
			runOnlyForDeploymentPostprocessing = 0;
		};
		C43C4E192F2AF4DA00AAD968 /* Sources */ = {
			isa = PBXSourcesBuildPhase;
			buildActionMask = 2147483647;
			files = (
			);
			runOnlyForDeploymentPostprocessing = 0;
		};
/* End PBXSourcesBuildPhase section */

/* Begin PBXTargetDependency section */
		C43C4E152F2AF4DA00AAD968 /* PBXTargetDependency */ = {
			isa = PBXTargetDependency;
			target = C43C4E052F2AF4D900AAD968 /* Karaoke Time */;
			targetProxy = C43C4E142F2AF4DA00AAD968 /* PBXContainerItemProxy */;
		};
		C43C4E1F2F2AF4DA00AAD968 /* PBXTargetDependency */ = {
			isa = PBXTargetDependency;
			target = C43C4E052F2AF4D900AAD968 /* Karaoke Time */;
			targetProxy = C43C4E1E2F2AF4DA00AAD968 /* PBXContainerItemProxy */;
		};
/* End PBXTargetDependency section */

/* Begin XCBuildConfiguration section */
		C43C4E252F2AF4DA00AAD968 /* Debug */ = {
			isa = XCBuildConfiguration;
			buildSettings = {
				ALWAYS_SEARCH_USER_PATHS = NO;
				ASSETCATALOG_COMPILER_GENERATE_SWIFT_ASSET_SYMBOL_EXTENSIONS = YES;
				CLANG_ANALYZER_NONNULL = YES;
				CLANG_ANALYZER_NUMBER_OBJECT_CONVERSION = YES_AGGRESSIVE;
				CLANG_CXX_LANGUAGE_STANDARD = "gnu++20";
				CLANG_ENABLE_MODULES = YES;
				CLANG_ENABLE_OBJC_ARC = YES;
				CLANG_ENABLE_OBJC_WEAK = YES;
				CLANG_WARN_BLOCK_CAPTURE_AUTORELEASING = YES;
				CLANG_WARN_BOOL_CONVERSION = YES;
				CLANG_WARN_COMMA = YES;
				CLANG_WARN_CONSTANT_CONVERSION = YES;
				CLANG_WARN_DEPRECATED_OBJC_IMPLEMENTATIONS = YES;
				CLANG_WARN_DIRECT_OBJC_ISA_USAGE = YES_ERROR;
				CLANG_WARN_DOCUMENTATION_COMMENTS = YES;
				CLANG_WARN_EMPTY_BODY = YES;
				CLANG_WARN_ENUM_CONVERSION = YES;
				CLANG_WARN_INFINITE_RECURSION = YES;
				CLANG_WARN_INT_CONVERSION = YES;
				CLANG_WARN_NON_LITERAL_NULL_CONVERSION = YES;
				CLANG_WARN_OBJC_IMPLICIT_RETAIN_SELF = YES;
				CLANG_WARN_OBJC_LITERAL_CONVERSION = YES;
				CLANG_WARN_OBJC_ROOT_CLASS = YES_ERROR;
				CLANG_WARN_QUOTED_INCLUDE_IN_FRAMEWORK_HEADER = YES;
				CLANG_WARN_RANGE_LOOP_ANALYSIS = YES;
				CLANG_WARN_STRICT_PROTOTYPES = YES;
				CLANG_WARN_SUSPICIOUS_MOVE = YES;
				CLANG_WARN_UNGUARDED_AVAILABILITY = YES_AGGRESSIVE;
				CLANG_WARN_UNREACHABLE_CODE = YES;
				CLANG_WARN__DUPLICATE_METHOD_MATCH = YES;
				COPY_PHASE_STRIP = NO;
				DEBUG_INFORMATION_FORMAT = dwarf;
				ENABLE_STRICT_OBJC_MSGSEND = YES;
				ENABLE_TESTABILITY = YES;
				ENABLE_USER_SCRIPT_SANDBOXING = YES;
				GCC_C_LANGUAGE_STANDARD = gnu17;
				GCC_DYNAMIC_NO_PIC = NO;
				GCC_NO_COMMON_BLOCKS = YES;
				GCC_OPTIMIZATION_LEVEL = 0;
				GCC_PREPROCESSOR_DEFINITIONS = (
					"DEBUG=1",
					"$(inherited)",
				);
				GCC_WARN_64_TO_32_BIT_CONVERSION = YES;
				GCC_WARN_ABOUT_RETURN_TYPE = YES_ERROR;
				GCC_WARN_UNDECLARED_SELECTOR = YES;
				GCC_WARN_UNINITIALIZED_AUTOS = YES_AGGRESSIVE;
				GCC_WARN_UNUSED_FUNCTION = YES;
				GCC_WARN_UNUSED_VARIABLE = YES;
				IPHONEOS_DEPLOYMENT_TARGET = 26.2;
				LOCALIZATION_PREFERS_STRING_CATALOGS = YES;
				MTL_ENABLE_DEBUG_INFO = INCLUDE_SOURCE;
				MTL_FAST_MATH = YES;
				ONLY_ACTIVE_ARCH = YES;
				SDKROOT = iphoneos;
				SWIFT_ACTIVE_COMPILATION_CONDITIONS = "DEBUG $(inherited)";
				SWIFT_OPTIMIZATION_LEVEL = "-Onone";
			};
			name = Debug;
		};
		C43C4E262F2AF4DA00AAD968 /* Release */ = {
			isa = XCBuildConfiguration;
			buildSettings = {
				ALWAYS_SEARCH_USER_PATHS = NO;
				ASSETCATALOG_COMPILER_GENERATE_SWIFT_ASSET_SYMBOL_EXTENSIONS = YES;
				CLANG_ANALYZER_NONNULL = YES;
				CLANG_ANALYZER_NUMBER_OBJECT_CONVERSION = YES_AGGRESSIVE;
				CLANG_CXX_LANGUAGE_STANDARD = "gnu++20";
				CLANG_ENABLE_MODULES = YES;
				CLANG_ENABLE_OBJC_ARC = YES;
				CLANG_ENABLE_OBJC_WEAK = YES;
				CLANG_WARN_BLOCK_CAPTURE_AUTORELEASING = YES;
				CLANG_WARN_BOOL_CONVERSION = YES;
				CLANG_WARN_COMMA = YES;
				CLANG_WARN_CONSTANT_CONVERSION = YES;
				CLANG_WARN_DEPRECATED_OBJC_IMPLEMENTATIONS = YES;
				CLANG_WARN_DIRECT_OBJC_ISA_USAGE = YES_ERROR;
				CLANG_WARN_DOCUMENTATION_COMMENTS = YES;
				CLANG_WARN_EMPTY_BODY = YES;
				CLANG_WARN_ENUM_CONVERSION = YES;
				CLANG_WARN_INFINITE_RECURSION = YES;
				CLANG_WARN_INT_CONVERSION = YES;
				CLANG_WARN_NON_LITERAL_NULL_CONVERSION = YES;
				CLANG_WARN_OBJC_IMPLICIT_RETAIN_SELF = YES;
				CLANG_WARN_OBJC_LITERAL_CONVERSION = YES;
				CLANG_WARN_OBJC_ROOT_CLASS = YES_ERROR;
				CLANG_WARN_QUOTED_INCLUDE_IN_FRAMEWORK_HEADER = YES;
				CLANG_WARN_RANGE_LOOP_ANALYSIS = YES;
				CLANG_WARN_STRICT_PROTOTYPES = YES;
				CLANG_WARN_SUSPICIOUS_MOVE = YES;
				CLANG_WARN_UNGUARDED_AVAILABILITY = YES_AGGRESSIVE;
				CLANG_WARN_UNREACHABLE_CODE = YES;
				CLANG_WARN__DUPLICATE_METHOD_MATCH = YES;
				COPY_PHASE_STRIP = NO;
				DEBUG_INFORMATION_FORMAT = "dwarf-with-dsym";
				ENABLE_NS_ASSERTIONS = NO;
				ENABLE_STRICT_OBJC_MSGSEND = YES;
				ENABLE_USER_SCRIPT_SANDBOXING = YES;
				GCC_C_LANGUAGE_STANDARD = gnu17;
				GCC_NO_COMMON_BLOCKS = YES;
				GCC_WARN_64_TO_32_BIT_CONVERSION = YES;
				GCC_WARN_ABOUT_RETURN_TYPE = YES_ERROR;
				GCC_WARN_UNDECLARED_SELECTOR = YES;
				GCC_WARN_UNINITIALIZED_AUTOS = YES_AGGRESSIVE;
				GCC_WARN_UNUSED_FUNCTION = YES;
				GCC_WARN_UNUSED_VARIABLE = YES;
				IPHONEOS_DEPLOYMENT_TARGET = 26.2;
				LOCALIZATION_PREFERS_STRING_CATALOGS = YES;
				MTL_ENABLE_DEBUG_INFO = NO;
				MTL_FAST_MATH = YES;
				SDKROOT = iphoneos;
				SWIFT_COMPILATION_MODE = wholemodule;
				VALIDATE_PRODUCT = YES;
			};
			name = Release;
		};
		C43C4E282F2AF4DA00AAD968 /* Debug */ = {
			isa = XCBuildConfiguration;
			buildSettings = {
				ASSETCATALOG_COMPILER_APPICON_NAME = AppIcon;
				ASSETCATALOG_COMPILER_GLOBAL_ACCENT_COLOR_NAME = AccentColor;
				CODE_SIGN_STYLE = Automatic;
				CURRENT_PROJECT_VERSION = 1;
				ENABLE_PREVIEWS = YES;
				GENERATE_INFOPLIST_FILE = YES;
				INFOPLIST_KEY_NSMicrophoneUsageDescription = "Karaoke Time needs microphone access to capture your voice while singing.";
				INFOPLIST_KEY_UIApplicationSceneManifest_Generation = YES;
				INFOPLIST_KEY_UIApplicationSupportsIndirectInputEvents = YES;
				INFOPLIST_KEY_UILaunchScreen_Generation = YES;
				INFOPLIST_KEY_UISupportedInterfaceOrientations_iPad = "UIInterfaceOrientationPortrait UIInterfaceOrientationPortraitUpsideDown UIInterfaceOrientationLandscapeLeft UIInterfaceOrientationLandscapeRight";
				INFOPLIST_KEY_UISupportedInterfaceOrientations_iPhone = "UIInterfaceOrientationPortrait UIInterfaceOrientationLandscapeLeft UIInterfaceOrientationLandscapeRight";
				LD_RUNPATH_SEARCH_PATHS = (
					"$(inherited)",
					"@executable_path/Frameworks",
				);
				MARKETING_VERSION = 1.0;
				PRODUCT_BUNDLE_IDENTIFIER = "BBO.Karaoke-Time";
				PRODUCT_NAME = "$(TARGET_NAME)";
				STRING_CATALOG_GENERATE_SYMBOLS = YES;
				SWIFT_APPROACHABLE_CONCURRENCY = YES;
				SWIFT_DEFAULT_ACTOR_ISOLATION = MainActor;
				SWIFT_EMIT_LOC_STRINGS = YES;
				SWIFT_UPCOMING_FEATURE_MEMBER_IMPORT_VISIBILITY = YES;
				SWIFT_VERSION = 5.0;
				TARGETED_DEVICE_FAMILY = "1,2";
			};
			name = Debug;
		};
		C43C4E292F2AF4DA00AAD968 /* Release */ = {
			isa = XCBuildConfiguration;
			buildSettings = {
				ASSETCATALOG_COMPILER_APPICON_NAME = AppIcon;
				ASSETCATALOG_COMPILER_GLOBAL_ACCENT_COLOR_NAME = AccentColor;
				CODE_SIGN_STYLE = Automatic;
				CURRENT_PROJECT_VERSION = 1;
				ENABLE_PREVIEWS = YES;
				GENERATE_INFOPLIST_FILE = YES;
				INFOPLIST_KEY_NSMicrophoneUsageDescription = "Karaoke Time needs microphone access to capture your voice while singing.";
				INFOPLIST_KEY_UIApplicationSceneManifest_Generation = YES;
				INFOPLIST_KEY_UIApplicationSupportsIndirectInputEvents = YES;
				INFOPLIST_KEY_UILaunchScreen_Generation = YES;
				INFOPLIST_KEY_UISupportedInterfaceOrientations_iPad = "UIInterfaceOrientationPortrait UIInterfaceOrientationPortraitUpsideDown UIInterfaceOrientationLandscapeLeft UIInterfaceOrientationLandscapeRight";
				INFOPLIST_KEY_UISupportedInterfaceOrientations_iPhone = "UIInterfaceOrientationPortrait UIInterfaceOrientationLandscapeLeft UIInterfaceOrientationLandscapeRight";
				LD_RUNPATH_SEARCH_PATHS = (
					"$(inherited)",
					"@executable_path/Frameworks",
				);
				MARKETING_VERSION = 1.0;
				PRODUCT_BUNDLE_IDENTIFIER = "BBO.Karaoke-Time";
				PRODUCT_NAME = "$(TARGET_NAME)";
				STRING_CATALOG_GENERATE_SYMBOLS = YES;
				SWIFT_APPROACHABLE_CONCURRENCY = YES;
				SWIFT_DEFAULT_ACTOR_ISOLATION = MainActor;
				SWIFT_EMIT_LOC_STRINGS = YES;
				SWIFT_UPCOMING_FEATURE_MEMBER_IMPORT_VISIBILITY = YES;
				SWIFT_VERSION = 5.0;
				TARGETED_DEVICE_FAMILY = "1,2";
			};
			name = Release;
		};
		C43C4E2B2F2AF4DA00AAD968 /* Debug */ = {
			isa = XCBuildConfiguration;
			buildSettings = {
				BUNDLE_LOADER = "$(TEST_HOST)";
				CODE_SIGN_STYLE = Automatic;
				CURRENT_PROJECT_VERSION = 1;
				GENERATE_INFOPLIST_FILE = YES;
				IPHONEOS_DEPLOYMENT_TARGET = 26.2;
				MARKETING_VERSION = 1.0;
				PRODUCT_BUNDLE_IDENTIFIER = "BBO.Karaoke-TimeTests";
				PRODUCT_NAME = "$(TARGET_NAME)";
				STRING_CATALOG_GENERATE_SYMBOLS = NO;
				SWIFT_APPROACHABLE_CONCURRENCY = YES;
				SWIFT_EMIT_LOC_STRINGS = NO;
				SWIFT_UPCOMING_FEATURE_MEMBER_IMPORT_VISIBILITY = YES;
				SWIFT_VERSION = 5.0;
				TARGETED_DEVICE_FAMILY = "1,2";
				TEST_HOST = "$(BUILT_PRODUCTS_DIR)/Karaoke Time.app/$(BUNDLE_EXECUTABLE_FOLDER_PATH)/Karaoke Time";
			};
			name = Debug;
		};
		C43C4E2C2F2AF4DA00AAD968 /* Release */ = {
			isa = XCBuildConfiguration;
			buildSettings = {
				BUNDLE_LOADER = "$(TEST_HOST)";
				CODE_SIGN_STYLE = Automatic;
				CURRENT_PROJECT_VERSION = 1;
				GENERATE_INFOPLIST_FILE = YES;
				IPHONEOS_DEPLOYMENT_TARGET = 26.2;
				MARKETING_VERSION = 1.0;
				PRODUCT_BUNDLE_IDENTIFIER = "BBO.Karaoke-TimeTests";
				PRODUCT_NAME = "$(TARGET_NAME)";
				STRING_CATALOG_GENERATE_SYMBOLS = NO;
				SWIFT_APPROACHABLE_CONCURRENCY = YES;
				SWIFT_EMIT_LOC_STRINGS = NO;
				SWIFT_UPCOMING_FEATURE_MEMBER_IMPORT_VISIBILITY = YES;
				SWIFT_VERSION = 5.0;
				TARGETED_DEVICE_FAMILY = "1,2";
				TEST_HOST = "$(BUILT_PRODUCTS_DIR)/Karaoke Time.app/$(BUNDLE_EXECUTABLE_FOLDER_PATH)/Karaoke Time";
			};
			name = Release;
		};
		C43C4E2E2F2AF4DA00AAD968 /* Debug */ = {
			isa = XCBuildConfiguration;
			buildSettings = {
				CODE_SIGN_STYLE = Automatic;
				CURRENT_PROJECT_VERSION = 1;
				GENERATE_INFOPLIST_FILE = YES;
				MARKETING_VERSION = 1.0;
				PRODUCT_BUNDLE_IDENTIFIER = "BBO.Karaoke-TimeUITests";
				PRODUCT_NAME = "$(TARGET_NAME)";
				STRING_CATALOG_GENERATE_SYMBOLS = NO;
				SWIFT_APPROACHABLE_CONCURRENCY = YES;
				SWIFT_EMIT_LOC_STRINGS = NO;
				SWIFT_UPCOMING_FEATURE_MEMBER_IMPORT_VISIBILITY = YES;
				SWIFT_VERSION = 5.0;
				TARGETED_DEVICE_FAMILY = "1,2";
				TEST_TARGET_NAME = "Karaoke Time";
			};
			name = Debug;
		};
		C43C4E2F2F2AF4DA00AAD968 /* Release */ = {
			isa = XCBuildConfiguration;
			buildSettings = {
				CODE_SIGN_STYLE = Automatic;
				CURRENT_PROJECT_VERSION = 1;
				GENERATE_INFOPLIST_FILE = YES;
				MARKETING_VERSION = 1.0;
				PRODUCT_BUNDLE_IDENTIFIER = "BBO.Karaoke-TimeUITests";
				PRODUCT_NAME = "$(TARGET_NAME)";
				STRING_CATALOG_GENERATE_SYMBOLS = NO;
				SWIFT_APPROACHABLE_CONCURRENCY = YES;
				SWIFT_EMIT_LOC_STRINGS = NO;
				SWIFT_UPCOMING_FEATURE_MEMBER_IMPORT_VISIBILITY = YES;
				SWIFT_VERSION = 5.0;
				TARGETED_DEVICE_FAMILY = "1,2";
				TEST_TARGET_NAME = "Karaoke Time";
			};
			name = Release;
		};
/* End XCBuildConfiguration section */

/* Begin XCConfigurationList section */
		C43C4E012F2AF4D900AAD968 /* Build configuration list for PBXProject "Karaoke Time" */ = {
			isa = XCConfigurationList;
			buildConfigurations = (
				C43C4E252F2AF4DA00AAD968 /* Debug */,
				C43C4E262F2AF4DA00AAD968 /* Release */,
			);
			defaultConfigurationIsVisible = 0;
			defaultConfigurationName = Release;
		};
		C43C4E272F2AF4DA00AAD968 /* Build configuration list for PBXNativeTarget "Karaoke Time" */ = {
			isa = XCConfigurationList;
			buildConfigurations = (
				C43C4E282F2AF4DA00AAD968 /* Debug */,
				C43C4E292F2AF4DA00AAD968 /* Release */,
			);
			defaultConfigurationIsVisible = 0;
			defaultConfigurationName = Release;
		};
		C43C4E2A2F2AF4DA00AAD968 /* Build configuration list for PBXNativeTarget "Karaoke TimeTests" */ = {
			isa = XCConfigurationList;
			buildConfigurations = (
				C43C4E2B2F2AF4DA00AAD968 /* Debug */,
				C43C4E2C2F2AF4DA00AAD968 /* Release */,
			);
			defaultConfigurationIsVisible = 0;
			defaultConfigurationName = Release;
		};
		C43C4E2D2F2AF4DA00AAD968 /* Build configuration list for PBXNativeTarget "Karaoke TimeUITests" */ = {
			isa = XCConfigurationList;
			buildConfigurations = (
				C43C4E2E2F2AF4DA00AAD968 /* Debug */,
				C43C4E2F2F2AF4DA00AAD968 /* Release */,
			);
			defaultConfigurationIsVisible = 0;
			defaultConfigurationName = Release;
		};
/* End XCConfigurationList section */
	};
	rootObject = C43C4DFE2F2AF4D900AAD968 /* Project object */;
}
